
Microsoft Visual Studio Solution File, Format Version 12.00
# Visual Studio 15
VisualStudioVersion = 15.0.28307.271
MinimumVisualStudioVersion = 10.0.40219.1
Project("{FAE04EC0-301F-11D3-BF4B-00C04F79EFBC}") = "Ch22Ex01", "Ch22Ex01\Ch22Ex01.csproj", "{8C9F5327-AD66-4344-A978-898F54B16539}"
EndProject
Project("{FAE04EC0-301F-11D3-BF4B-00C04F79EFBC}") = "Ch22Ex01Client", "Ch22Ex01Client\Ch22Ex01Client.csproj", "{3C4ED0AA-E36F-43F1-A66B-3E705C780A00}"
	ProjectSection(ProjectDependencies) = postProject
		{8C9F5327-AD66-4344-A978-898F54B16539} = {8C9F5327-AD66-4344-A978-898F54B16539}
	EndProjectSection
EndProject
Global
	GlobalSection(SolutionConfigurationPlatforms) = preSolution
		Debug|Any CPU = Debug|Any CPU
		Release|Any CPU = Release|Any CPU
	EndGlobalSection
	GlobalSection(ProjectConfigurationPlatforms) = postSolution
		{8C9F5327-AD66-4344-A978-898F54B16539}.Debug|Any CPU.ActiveCfg = Debug|Any CPU
		{8C9F5327-AD66-4344-A978-898F54B16539}.Debug|Any CPU.Build.0 = Debug|Any CPU
		{8C9F5327-AD66-4344-A978-898F54B16539}.Release|Any CPU.ActiveCfg = Release|Any CPU
		{8C9F5327-AD66-4344-A978-898F54B16539}.Release|Any CPU.Build.0 = Release|Any CPU
		{3C4ED0AA-E36F-43F1-A66B-3E705C780A00}.Debug|Any CPU.ActiveCfg = Debug|Any CPU
		{3C4ED0AA-E36F-43F1-A66B-3E705C780A00}.Debug|Any CPU.Build.0 = Debug|Any CPU
		{3C4ED0AA-E36F-43F1-A66B-3E705C780A00}.Release|Any CPU.ActiveCfg = Release|Any CPU
		{3C4ED0AA-E36F-43F1-A66B-3E705C780A00}.Release|Any CPU.Build.0 = Release|Any CPU
	EndGlobalSection
	GlobalSection(SolutionProperties) = preSolution
		HideSolutionNode = FALSE
	EndGlobalSection
	GlobalSection(ExtensibilityGlobals) = postSolution
		SolutionGuid = {94315DBB-8F3A-4D92-90DB-5615D6868919}
	EndGlobalSection
EndGlobal
