
Microsoft Visual Studio Solution File, Format Version 12.00
# Visual Studio 15
VisualStudioVersion = 15.0.26430.6
MinimumVisualStudioVersion = 10.0.40219.1
Project("{FAE04EC0-301F-11D3-BF4B-00C04F79EFBC}") = "Ch05Ex0x5_4", "Ch05Ex0x5_4\Ch05Ex0x5_4.csproj", "{9535D259-E382-49E7-8CA5-DE1245B9786C}"
EndProject
Global
	GlobalSection(SolutionConfigurationPlatforms) = preSolution
		Debug|Any CPU = Debug|Any CPU
		Release|Any CPU = Release|Any CPU
	EndGlobalSection
	GlobalSection(ProjectConfigurationPlatforms) = postSolution
		{9535D259-E382-49E7-8CA5-DE1245B9786C}.Debug|Any CPU.ActiveCfg = Debug|Any CPU
		{9535D259-E382-49E7-8CA5-DE1245B9786C}.Debug|Any CPU.Build.0 = Debug|Any CPU
		{9535D259-E382-49E7-8CA5-DE1245B9786C}.Release|Any CPU.ActiveCfg = Release|Any CPU
		{9535D259-E382-49E7-8CA5-DE1245B9786C}.Release|Any CPU.Build.0 = Release|Any CPU
	EndGlobalSection
	GlobalSection(SolutionProperties) = preSolution
		HideSolutionNode = FALSE
	EndGlobalSection
EndGlobal
