
Microsoft Visual Studio Solution File, Format Version 12.00
# Visual Studio 15
VisualStudioVersion = 15.0.26403.7
MinimumVisualStudioVersion = 10.0.40219.1
Project("{FAE04EC0-301F-11D3-BF4B-00C04F79EFBC}") = "Ch04Ex02", "Ch04Ex02\Ch04Ex02.csproj", "{A579CE9F-DC1D-42BC-977D-448577884628}"
EndProject
Global
	GlobalSection(SolutionConfigurationPlatforms) = preSolution
		Debug|Any CPU = Debug|Any CPU
		Release|Any CPU = Release|Any CPU
	EndGlobalSection
	GlobalSection(ProjectConfigurationPlatforms) = postSolution
		{A579CE9F-DC1D-42BC-977D-448577884628}.Debug|Any CPU.ActiveCfg = Debug|Any CPU
		{A579CE9F-DC1D-42BC-977D-448577884628}.Debug|Any CPU.Build.0 = Debug|Any CPU
		{A579CE9F-DC1D-42BC-977D-448577884628}.Release|Any CPU.ActiveCfg = Release|Any CPU
		{A579CE9F-DC1D-42BC-977D-448577884628}.Release|Any CPU.Build.0 = Release|Any CPU
	EndGlobalSection
	GlobalSection(SolutionProperties) = preSolution
		HideSolutionNode = FALSE
	EndGlobalSection
EndGlobal
