
Microsoft Visual Studio Solution File, Format Version 12.00
# Visual Studio 15
VisualStudioVersion = 15.0.28010.0
MinimumVisualStudioVersion = 10.0.40219.1
Project("{FAE04EC0-301F-11D3-BF4B-00C04F79EFBC}") = "WriteFile", "WriteFile\WriteFile.csproj", "{50928D37-4963-4303-B9E9-843D27B7778D}"
EndProject
Global
	GlobalSection(SolutionConfigurationPlatforms) = preSolution
		Debug|Any CPU = Debug|Any CPU
		Release|Any CPU = Release|Any CPU
	EndGlobalSection
	GlobalSection(ProjectConfigurationPlatforms) = postSolution
		{50928D37-4963-4303-B9E9-843D27B7778D}.Debug|Any CPU.ActiveCfg = Debug|Any CPU
		{50928D37-4963-4303-B9E9-843D27B7778D}.Debug|Any CPU.Build.0 = Debug|Any CPU
		{50928D37-4963-4303-B9E9-843D27B7778D}.Release|Any CPU.ActiveCfg = Release|Any CPU
		{50928D37-4963-4303-B9E9-843D27B7778D}.Release|Any CPU.Build.0 = Release|Any CPU
	EndGlobalSection
	GlobalSection(SolutionProperties) = preSolution
		HideSolutionNode = FALSE
	EndGlobalSection
	GlobalSection(ExtensibilityGlobals) = postSolution
		SolutionGuid = {979BB36C-0A5C-4773-9059-E8D2EE5C2E22}
	EndGlobalSection
EndGlobal
