
Microsoft Visual Studio Solution File, Format Version 12.00
# Visual Studio 15
VisualStudioVersion = 15.0.26430.6
MinimumVisualStudioVersion = 10.0.40219.1
Project("{FAE04EC0-301F-11D3-BF4B-00C04F79EFBC}") = "Ch07Ex99x7_4", "Ch07Ex99x7_4\Ch07Ex99x7_4.csproj", "{3D330E39-E3F3-4AED-863B-4E81E28FF9D6}"
EndProject
Global
	GlobalSection(SolutionConfigurationPlatforms) = preSolution
		Debug|Any CPU = Debug|Any CPU
		Release|Any CPU = Release|Any CPU
	EndGlobalSection
	GlobalSection(ProjectConfigurationPlatforms) = postSolution
		{3D330E39-E3F3-4AED-863B-4E81E28FF9D6}.Debug|Any CPU.ActiveCfg = Debug|Any CPU
		{3D330E39-E3F3-4AED-863B-4E81E28FF9D6}.Debug|Any CPU.Build.0 = Debug|Any CPU
		{3D330E39-E3F3-4AED-863B-4E81E28FF9D6}.Release|Any CPU.ActiveCfg = Release|Any CPU
		{3D330E39-E3F3-4AED-863B-4E81E28FF9D6}.Release|Any CPU.Build.0 = Release|Any CPU
	EndGlobalSection
	GlobalSection(SolutionProperties) = preSolution
		HideSolutionNode = FALSE
	EndGlobalSection
EndGlobal
