
Microsoft Visual Studio Solution File, Format Version 12.00
# Visual Studio 15
VisualStudioVersion = 15.0.28010.2016
MinimumVisualStudioVersion = 10.0.40219.1
Project("{FAE04EC0-301F-11D3-BF4B-00C04F79EFBC}") = "XMLfromDatabase", "XMLfromDatabase.csproj", "{09E7F8A7-BDBE-4F98-9754-B9A8AB8CA29C}"
EndProject
Global
	GlobalSection(SolutionConfigurationPlatforms) = preSolution
		Debug|Any CPU = Debug|Any CPU
		Release|Any CPU = Release|Any CPU
	EndGlobalSection
	GlobalSection(ProjectConfigurationPlatforms) = postSolution
		{09E7F8A7-BDBE-4F98-9754-B9A8AB8CA29C}.Debug|Any CPU.ActiveCfg = Debug|Any CPU
		{09E7F8A7-BDBE-4F98-9754-B9A8AB8CA29C}.Debug|Any CPU.Build.0 = Debug|Any CPU
		{09E7F8A7-BDBE-4F98-9754-B9A8AB8CA29C}.Release|Any CPU.ActiveCfg = Release|Any CPU
		{09E7F8A7-BDBE-4F98-9754-B9A8AB8CA29C}.Release|Any CPU.Build.0 = Release|Any CPU
	EndGlobalSection
	GlobalSection(SolutionProperties) = preSolution
		HideSolutionNode = FALSE
	EndGlobalSection
	GlobalSection(ExtensibilityGlobals) = postSolution
		SolutionGuid = {52B1C4D8-3AB1-4B75-BC38-64B816BF9A02}
	EndGlobalSection
EndGlobal
