
Microsoft Visual Studio Solution File, Format Version 12.00
# Visual Studio 15
VisualStudioVersion = 15.0.26730.8
MinimumVisualStudioVersion = 10.0.40219.1
Project("{FAE04EC0-301F-11D3-BF4B-00C04F79EFBC}") = "Ch13Ex09", "Ch13Ex09\Ch13Ex09.csproj", "{793AA4AE-EF4E-4AA5-BF1C-0EA84214FB58}"
EndProject
Global
	GlobalSection(SolutionConfigurationPlatforms) = preSolution
		Debug|Any CPU = Debug|Any CPU
		Release|Any CPU = Release|Any CPU
	EndGlobalSection
	GlobalSection(ProjectConfigurationPlatforms) = postSolution
		{793AA4AE-EF4E-4AA5-BF1C-0EA84214FB58}.Debug|Any CPU.ActiveCfg = Debug|Any CPU
		{793AA4AE-EF4E-4AA5-BF1C-0EA84214FB58}.Debug|Any CPU.Build.0 = Debug|Any CPU
		{793AA4AE-EF4E-4AA5-BF1C-0EA84214FB58}.Release|Any CPU.ActiveCfg = Release|Any CPU
		{793AA4AE-EF4E-4AA5-BF1C-0EA84214FB58}.Release|Any CPU.Build.0 = Release|Any CPU
	EndGlobalSection
	GlobalSection(SolutionProperties) = preSolution
		HideSolutionNode = FALSE
	EndGlobalSection
	GlobalSection(ExtensibilityGlobals) = postSolution
		SolutionGuid = {F02FF3A7-DB1D-42E6-8FEC-EC50D84DF4FC}
	EndGlobalSection
EndGlobal
